
Microsoft Visual Studio Solution File, Format Version 12.00
# Visual Studio Version 16
VisualStudioVersion = 16.0.810.8
MinimumVisualStudioVersion = 10.0.40219.1
Project("{FAE04EC0-301F-11D3-BF4B-00C04F79EFBC}") = "Steer73.FormsApp.Android", "Steer73.FormsApp.Android\Steer73.FormsApp.Android.csproj", "{BD680625-6B78-4287-9B1F-13D5486604EE}"
EndProject
Project("{FAE04EC0-301F-11D3-BF4B-00C04F79EFBC}") = "Steer73.FormsApp.iOS", "Steer73.FormsApp.iOS\Steer73.FormsApp.iOS.csproj", "{D08527F9-8B80-46BF-8224-2A53424AF416}"
EndProject
Project("{FAE04EC0-301F-11D3-BF4B-00C04F79EFBC}") = "Steer73.FormsApp", "Steer73.FormsApp\Steer73.FormsApp.csproj", "{63184059-4EDF-4C8C-B8CC-356A57E7FD5B}"
EndProject
Project("{FAE04EC0-301F-11D3-BF4B-00C04F79EFBC}") = "Steer73.FormsApp.Tests", "Steer73.FormsApp.Tests\Steer73.FormsApp.Tests.csproj", "{E4FFF27B-E3BB-4C41-B0D1-462457FC7ED2}"
EndProject
Global
	GlobalSection(SolutionConfigurationPlatforms) = preSolution
		Debug|Any CPU = Debug|Any CPU
		Release|Any CPU = Release|Any CPU
		Debug|iPhoneSimulator = Debug|iPhoneSimulator
		Release|iPhoneSimulator = Release|iPhoneSimulator
		Debug|iPhone = Debug|iPhone
		Release|iPhone = Release|iPhone
	EndGlobalSection
	GlobalSection(ProjectConfigurationPlatforms) = postSolution
		{BD680625-6B78-4287-9B1F-13D5486604EE}.Debug|Any CPU.ActiveCfg = Debug|Any CPU
		{BD680625-6B78-4287-9B1F-13D5486604EE}.Debug|Any CPU.Build.0 = Debug|Any CPU
		{BD680625-6B78-4287-9B1F-13D5486604EE}.Release|Any CPU.ActiveCfg = Release|Any CPU
		{BD680625-6B78-4287-9B1F-13D5486604EE}.Release|Any CPU.Build.0 = Release|Any CPU
		{BD680625-6B78-4287-9B1F-13D5486604EE}.Debug|iPhoneSimulator.ActiveCfg = Debug|Any CPU
		{BD680625-6B78-4287-9B1F-13D5486604EE}.Debug|iPhoneSimulator.Build.0 = Debug|Any CPU
		{BD680625-6B78-4287-9B1F-13D5486604EE}.Release|iPhoneSimulator.ActiveCfg = Release|Any CPU
		{BD680625-6B78-4287-9B1F-13D5486604EE}.Release|iPhoneSimulator.Build.0 = Release|Any CPU
		{BD680625-6B78-4287-9B1F-13D5486604EE}.Debug|iPhone.ActiveCfg = Debug|Any CPU
		{BD680625-6B78-4287-9B1F-13D5486604EE}.Debug|iPhone.Build.0 = Debug|Any CPU
		{BD680625-6B78-4287-9B1F-13D5486604EE}.Release|iPhone.ActiveCfg = Release|Any CPU
		{BD680625-6B78-4287-9B1F-13D5486604EE}.Release|iPhone.Build.0 = Release|Any CPU
		{D08527F9-8B80-46BF-8224-2A53424AF416}.Debug|Any CPU.ActiveCfg = Debug|iPhoneSimulator
		{D08527F9-8B80-46BF-8224-2A53424AF416}.Debug|Any CPU.Build.0 = Debug|iPhoneSimulator
		{D08527F9-8B80-46BF-8224-2A53424AF416}.Release|Any CPU.ActiveCfg = Release|iPhoneSimulator
		{D08527F9-8B80-46BF-8224-2A53424AF416}.Release|Any CPU.Build.0 = Release|iPhoneSimulator
		{D08527F9-8B80-46BF-8224-2A53424AF416}.Debug|iPhoneSimulator.ActiveCfg = Debug|iPhoneSimulator
		{D08527F9-8B80-46BF-8224-2A53424AF416}.Debug|iPhoneSimulator.Build.0 = Debug|iPhoneSimulator
		{D08527F9-8B80-46BF-8224-2A53424AF416}.Release|iPhoneSimulator.ActiveCfg = Release|iPhoneSimulator
		{D08527F9-8B80-46BF-8224-2A53424AF416}.Release|iPhoneSimulator.Build.0 = Release|iPhoneSimulator
		{D08527F9-8B80-46BF-8224-2A53424AF416}.Debug|iPhone.ActiveCfg = Debug|iPhone
		{D08527F9-8B80-46BF-8224-2A53424AF416}.Debug|iPhone.Build.0 = Debug|iPhone
		{D08527F9-8B80-46BF-8224-2A53424AF416}.Release|iPhone.ActiveCfg = Release|iPhone
		{D08527F9-8B80-46BF-8224-2A53424AF416}.Release|iPhone.Build.0 = Release|iPhone
		{63184059-4EDF-4C8C-B8CC-356A57E7FD5B}.Debug|Any CPU.ActiveCfg = Debug|Any CPU
		{63184059-4EDF-4C8C-B8CC-356A57E7FD5B}.Debug|Any CPU.Build.0 = Debug|Any CPU
		{63184059-4EDF-4C8C-B8CC-356A57E7FD5B}.Release|Any CPU.ActiveCfg = Release|Any CPU
		{63184059-4EDF-4C8C-B8CC-356A57E7FD5B}.Release|Any CPU.Build.0 = Release|Any CPU
		{63184059-4EDF-4C8C-B8CC-356A57E7FD5B}.Debug|iPhoneSimulator.ActiveCfg = Debug|Any CPU
		{63184059-4EDF-4C8C-B8CC-356A57E7FD5B}.Debug|iPhoneSimulator.Build.0 = Debug|Any CPU
		{63184059-4EDF-4C8C-B8CC-356A57E7FD5B}.Release|iPhoneSimulator.ActiveCfg = Release|Any CPU
		{63184059-4EDF-4C8C-B8CC-356A57E7FD5B}.Release|iPhoneSimulator.Build.0 = Release|Any CPU
		{63184059-4EDF-4C8C-B8CC-356A57E7FD5B}.Debug|iPhone.ActiveCfg = Debug|Any CPU
		{63184059-4EDF-4C8C-B8CC-356A57E7FD5B}.Debug|iPhone.Build.0 = Debug|Any CPU
		{63184059-4EDF-4C8C-B8CC-356A57E7FD5B}.Release|iPhone.ActiveCfg = Release|Any CPU
		{63184059-4EDF-4C8C-B8CC-356A57E7FD5B}.Release|iPhone.Build.0 = Release|Any CPU
		{E4FFF27B-E3BB-4C41-B0D1-462457FC7ED2}.Debug|Any CPU.ActiveCfg = Debug|Any CPU
		{E4FFF27B-E3BB-4C41-B0D1-462457FC7ED2}.Debug|Any CPU.Build.0 = Debug|Any CPU
		{E4FFF27B-E3BB-4C41-B0D1-462457FC7ED2}.Release|Any CPU.ActiveCfg = Release|Any CPU
		{E4FFF27B-E3BB-4C41-B0D1-462457FC7ED2}.Release|Any CPU.Build.0 = Release|Any CPU
		{E4FFF27B-E3BB-4C41-B0D1-462457FC7ED2}.Debug|iPhoneSimulator.ActiveCfg = Debug|Any CPU
		{E4FFF27B-E3BB-4C41-B0D1-462457FC7ED2}.Debug|iPhoneSimulator.Build.0 = Debug|Any CPU
		{E4FFF27B-E3BB-4C41-B0D1-462457FC7ED2}.Release|iPhoneSimulator.ActiveCfg = Release|Any CPU
		{E4FFF27B-E3BB-4C41-B0D1-462457FC7ED2}.Release|iPhoneSimulator.Build.0 = Release|Any CPU
		{E4FFF27B-E3BB-4C41-B0D1-462457FC7ED2}.Debug|iPhone.ActiveCfg = Debug|Any CPU
		{E4FFF27B-E3BB-4C41-B0D1-462457FC7ED2}.Debug|iPhone.Build.0 = Debug|Any CPU
		{E4FFF27B-E3BB-4C41-B0D1-462457FC7ED2}.Release|iPhone.ActiveCfg = Release|Any CPU
		{E4FFF27B-E3BB-4C41-B0D1-462457FC7ED2}.Release|iPhone.Build.0 = Release|Any CPU
	EndGlobalSection
	GlobalSection(SolutionProperties) = preSolution
		HideSolutionNode = FALSE
	EndGlobalSection
	GlobalSection(ExtensibilityGlobals) = postSolution
		SolutionGuid = {153D8182-9C21-43B4-A5ED-9C03F1B93B6D}
	EndGlobalSection
EndGlobal
